
Microsoft Visual Studio Solution File, Format Version 12.00
# Visual Studio 15
VisualStudioVersion = 15.0.26228.9
MinimumVisualStudioVersion = 10.0.40219.1
Project("{FAE04EC0-301F-11D3-BF4B-00C04F79EFBC}") = "Albums.Api", "Albums.Api\Albums.Api.csproj", "{F67EFD6B-3F51-41BC-9ADE-CE813A34FFD1}"
EndProject
Project("{2150E333-8FDC-42A3-9474-1A3956D46DE8}") = "src", "src", "{18807045-7A94-4C3A-9990-38D20974F170}"
EndProject
Project("{2150E333-8FDC-42A3-9474-1A3956D46DE8}") = "test", "test", "{F0E4A601-89CB-4CF8-9106-658000D9BC53}"
EndProject
Project("{FAE04EC0-301F-11D3-BF4B-00C04F79EFBC}") = "Albums.Api.Tests", "Albums.Api.Tests\Albums.Api.Tests.csproj", "{2EC7F198-C125-415D-AC0D-A2B756192AFF}"
EndProject
Global
	GlobalSection(SolutionConfigurationPlatforms) = preSolution
		Debug|Any CPU = Debug|Any CPU
		Release|Any CPU = Release|Any CPU
	EndGlobalSection
	GlobalSection(ProjectConfigurationPlatforms) = postSolution
		{F67EFD6B-3F51-41BC-9ADE-CE813A34FFD1}.Debug|Any CPU.ActiveCfg = Debug|Any CPU
		{F67EFD6B-3F51-41BC-9ADE-CE813A34FFD1}.Debug|Any CPU.Build.0 = Debug|Any CPU
		{F67EFD6B-3F51-41BC-9ADE-CE813A34FFD1}.Release|Any CPU.ActiveCfg = Release|Any CPU
		{F67EFD6B-3F51-41BC-9ADE-CE813A34FFD1}.Release|Any CPU.Build.0 = Release|Any CPU
		{2EC7F198-C125-415D-AC0D-A2B756192AFF}.Debug|Any CPU.ActiveCfg = Debug|Any CPU
		{2EC7F198-C125-415D-AC0D-A2B756192AFF}.Debug|Any CPU.Build.0 = Debug|Any CPU
		{2EC7F198-C125-415D-AC0D-A2B756192AFF}.Release|Any CPU.ActiveCfg = Release|Any CPU
		{2EC7F198-C125-415D-AC0D-A2B756192AFF}.Release|Any CPU.Build.0 = Release|Any CPU
	EndGlobalSection
	GlobalSection(SolutionProperties) = preSolution
		HideSolutionNode = FALSE
	EndGlobalSection
	GlobalSection(NestedProjects) = preSolution
		{F67EFD6B-3F51-41BC-9ADE-CE813A34FFD1} = {18807045-7A94-4C3A-9990-38D20974F170}
		{2EC7F198-C125-415D-AC0D-A2B756192AFF} = {F0E4A601-89CB-4CF8-9106-658000D9BC53}
	EndGlobalSection
EndGlobal
